
Microsoft Visual Studio Solution File, Format Version 12.00
# Visual Studio Version 16
VisualStudioVersion = 16.0.30907.101
MinimumVisualStudioVersion = 10.0.40219.1
Project("{FAE04EC0-301F-11D3-BF4B-00C04F79EFBC}") = "HardyStrategies.ChurchNeeds.Common", "..\ChurchNeeds.Common\HardyStrategies.ChurchNeeds.Common.csproj", "{9F2FEE93-6E4A-43DA-B808-D1ECB3524BDC}"
EndProject
Project("{FAE04EC0-301F-11D3-BF4B-00C04F79EFBC}") = "HardyStrategies.ChurchNeeds.Common.Models", "..\HardyStrategies.ChurchNeeds.Common.Models\HardyStrategies.ChurchNeeds.Common.Models.csproj", "{2E98A1D4-27A4-4EC1-85F2-CEBFD2E3387D}"
EndProject
Project("{2150E333-8FDC-42A3-9474-1A3956D46DE8}") = "Solution Items", "Solution Items", "{B7AFCC42-6FF6-4ABA-95C8-347D778C4CF6}"
	ProjectSection(SolutionItems) = preProject
		..\.gitignore = ..\.gitignore
	EndProjectSection
EndProject
Project("{FAE04EC0-301F-11D3-BF4B-00C04F79EFBC}") = "HardyStrategies.ChurchNeeds.WebAppService", "..\HardyStrategies.ChurchNeeds.WebAppService\HardyStrategies.ChurchNeeds.WebAppService.csproj", "{F1D42908-3274-43D7-8B37-764C2F00DE63}"
EndProject
Global
	GlobalSection(SolutionConfigurationPlatforms) = preSolution
		Debug|Any CPU = Debug|Any CPU
		Release|Any CPU = Release|Any CPU
	EndGlobalSection
	GlobalSection(ProjectConfigurationPlatforms) = postSolution
		{9F2FEE93-6E4A-43DA-B808-D1ECB3524BDC}.Debug|Any CPU.ActiveCfg = Debug|Any CPU
		{9F2FEE93-6E4A-43DA-B808-D1ECB3524BDC}.Debug|Any CPU.Build.0 = Debug|Any CPU
		{9F2FEE93-6E4A-43DA-B808-D1ECB3524BDC}.Release|Any CPU.ActiveCfg = Release|Any CPU
		{9F2FEE93-6E4A-43DA-B808-D1ECB3524BDC}.Release|Any CPU.Build.0 = Release|Any CPU
		{2E98A1D4-27A4-4EC1-85F2-CEBFD2E3387D}.Debug|Any CPU.ActiveCfg = Debug|Any CPU
		{2E98A1D4-27A4-4EC1-85F2-CEBFD2E3387D}.Debug|Any CPU.Build.0 = Debug|Any CPU
		{2E98A1D4-27A4-4EC1-85F2-CEBFD2E3387D}.Release|Any CPU.ActiveCfg = Release|Any CPU
		{2E98A1D4-27A4-4EC1-85F2-CEBFD2E3387D}.Release|Any CPU.Build.0 = Release|Any CPU
		{F1D42908-3274-43D7-8B37-764C2F00DE63}.Debug|Any CPU.ActiveCfg = Debug|Any CPU
		{F1D42908-3274-43D7-8B37-764C2F00DE63}.Debug|Any CPU.Build.0 = Debug|Any CPU
		{F1D42908-3274-43D7-8B37-764C2F00DE63}.Release|Any CPU.ActiveCfg = Release|Any CPU
		{F1D42908-3274-43D7-8B37-764C2F00DE63}.Release|Any CPU.Build.0 = Release|Any CPU
	EndGlobalSection
	GlobalSection(SolutionProperties) = preSolution
		HideSolutionNode = FALSE
	EndGlobalSection
	GlobalSection(ExtensibilityGlobals) = postSolution
		SolutionGuid = {2E13CF78-B96E-4C4E-A821-C41DBA49A77B}
	EndGlobalSection
EndGlobal
